<?xml version="1.0" encoding="utf-8"?>
<Project ToolsVersion="4.0" xmlns="http://schemas.microsoft.com/developer/msbuild/2003">
  <ItemGroup>
    <Filter Include="Application">
      <UniqueIdentifier>{6d13c479-98ce-44f8-9764-51a2c9661132}</UniqueIdentifier>
    </Filter>
    <Filter Include="Common">
      <UniqueIdentifier>{5eb38433-e927-4a95-8e7c-a72414958a17}</UniqueIdentifier>
    </Filter>
    <Filter Include="Graphic">
      <UniqueIdentifier>{330e2c2e-4421-40b8-9aa3-52e40bcf3787}</UniqueIdentifier>
    </Filter>
    <Filter Include="Graphic\GraphicDevice">
      <UniqueIdentifier>{8249aded-5de5-4831-a418-07746ad7dde8}</UniqueIdentifier>
    </Filter>
    <Filter Include="Manager">
      <UniqueIdentifier>{b5610294-4a46-4d1b-9f37-f2af202e049e}</UniqueIdentifier>
    </Filter>
    <Filter Include="Manager\TimeMgr">
      <UniqueIdentifier>{0ad3bdb0-2323-4e50-8c3c-61b47ab736bf}</UniqueIdentifier>
    </Filter>
    <Filter Include="Manager\KeyMgr">
      <UniqueIdentifier>{f3f73fb1-18ce-42c4-ba24-7c1c61110dcc}</UniqueIdentifier>
    </Filter>
    <Filter Include="Manager\PathMgr">
      <UniqueIdentifier>{aa50366d-1886-444d-9be3-ec6a037a2df0}</UniqueIdentifier>
    </Filter>
    <Filter Include="Common\Math">
      <UniqueIdentifier>{3c09a2dd-2abf-438a-9f07-3358b61aea04}</UniqueIdentifier>
    </Filter>
    <Filter Include="Graphic\GraphicShader">
      <UniqueIdentifier>{aad3808d-0ca0-465e-9387-933fdbb06b70}</UniqueIdentifier>
    </Filter>
    <Filter Include="Manager\RenderMgr">
      <UniqueIdentifier>{28316f77-aac3-44cf-9eb7-469065b52090}</UniqueIdentifier>
    </Filter>
    <Filter Include="Resource">
      <UniqueIdentifier>{8731ec08-b804-4e60-b8c6-6f4042210ebf}</UniqueIdentifier>
    </Filter>
    <Filter Include="Resource\Mesh">
      <UniqueIdentifier>{ce4dca45-d536-4a0d-9c60-0d8cece189d9}</UniqueIdentifier>
    </Filter>
    <Filter Include="Resource\Texture">
      <UniqueIdentifier>{4368810a-3c6f-4388-98be-af29feb3770e}</UniqueIdentifier>
    </Filter>
    <Filter Include="Resource\Material">
      <UniqueIdentifier>{e4803747-a205-4f95-b4bb-1a60dce101b4}</UniqueIdentifier>
    </Filter>
    <Filter Include="GameObject">
      <UniqueIdentifier>{c67dd0d7-c9e1-4856-b293-cd2439336729}</UniqueIdentifier>
    </Filter>
    <Filter Include="GameObject\Component">
      <UniqueIdentifier>{9a7e2b42-2e01-4101-9add-c74a4754bb42}</UniqueIdentifier>
    </Filter>
    <Filter Include="GameObject\Component\MeshRender">
      <UniqueIdentifier>{39ce232b-eb1c-4271-abfd-0754342e4813}</UniqueIdentifier>
    </Filter>
    <Filter Include="Manager\ResourceMgr">
      <UniqueIdentifier>{d345893f-f9c8-424e-a5db-48e7bbd915b6}</UniqueIdentifier>
    </Filter>
    <Filter Include="Scene">
      <UniqueIdentifier>{16820619-f6fd-4071-8e74-e15a3ca8b986}</UniqueIdentifier>
    </Filter>
    <Filter Include="Scene\Layer">
      <UniqueIdentifier>{17c57cb3-05af-4c27-b1ab-65c3936d48d4}</UniqueIdentifier>
    </Filter>
    <Filter Include="Manager\SceneMgr">
      <UniqueIdentifier>{b8b6450c-b12e-4a00-af0c-c7514c94996b}</UniqueIdentifier>
    </Filter>
    <Filter Include="GameObject\Component\Transform">
      <UniqueIdentifier>{ad437e27-945d-4312-9275-86de3d576471}</UniqueIdentifier>
    </Filter>
    <Filter Include="GameObject\Component\Camera">
      <UniqueIdentifier>{9f2aae80-02a4-498b-a7fd-46cd3f6152ea}</UniqueIdentifier>
    </Filter>
    <Filter Include="Manager\CameraMgr">
      <UniqueIdentifier>{9431eeb2-7e6e-484f-a8c1-c9b9b52af1f8}</UniqueIdentifier>
    </Filter>
    <Filter Include="GameObject\Component\Script">
      <UniqueIdentifier>{6c5087b8-9060-4bc9-b895-79f83b59420a}</UniqueIdentifier>
    </Filter>
    <Filter Include="GameObject\Component\Script\CameraMove">
      <UniqueIdentifier>{0e10473e-6ed9-4c66-98d0-dc116b5e7189}</UniqueIdentifier>
    </Filter>
    <Filter Include="GameObject\Component\Script\PlayerMove">
      <UniqueIdentifier>{d742bc4c-1e0c-4e55-b6e4-b05c1a96ddf7}</UniqueIdentifier>
    </Filter>
    <Filter Include="Scene\TestScene">
      <UniqueIdentifier>{e8a3f225-1c85-4432-bb3e-f77d9581e52d}</UniqueIdentifier>
    </Filter>
    <Filter Include="Scene\02.VillageScene">
      <UniqueIdentifier>{80607246-b92d-4e22-a6a3-83c45f3442a0}</UniqueIdentifier>
    </Filter>
    <Filter Include="Scene\03.ShopScene">
      <UniqueIdentifier>{6e21a29b-b763-4cf8-9a08-77a8830ed0c3}</UniqueIdentifier>
    </Filter>
    <Filter Include="Scene\01.StartMenuScene">
      <UniqueIdentifier>{e1edfa83-059f-4841-8faf-a19a18f87afb}</UniqueIdentifier>
    </Filter>
    <Filter Include="Scene\04.CDungeonsEntranceScene">
      <UniqueIdentifier>{bc125221-aa0a-47e0-a9f5-a239fce283d8}</UniqueIdentifier>
    </Filter>
    <Filter Include="GameObject\Component\Script\Grid">
      <UniqueIdentifier>{a52324ff-88eb-445e-8968-97c443eb286d}</UniqueIdentifier>
    </Filter>
    <Filter Include="GameObject\Component\Animator">
      <UniqueIdentifier>{ad26b884-53d6-4718-9529-287cd2792a77}</UniqueIdentifier>
    </Filter>
    <Filter Include="Resource\Animation">
      <UniqueIdentifier>{744accfd-1b89-48db-9f8f-f992ec2601e7}</UniqueIdentifier>
    </Filter>
    <Filter Include="GameObject\Component\Light">
      <UniqueIdentifier>{2485240f-b156-4a29-bd4c-67d4eea43348}</UniqueIdentifier>
    </Filter>
    <Filter Include="Graphic\ConstantBuffer">
      <UniqueIdentifier>{e3d71157-12cd-4e06-8237-2d2aecf1a9bd}</UniqueIdentifier>
    </Filter>
    <Filter Include="Graphic\StructedBuffer">
      <UniqueIdentifier>{f5270d58-c5ff-4de5-a953-e9712f994077}</UniqueIdentifier>
    </Filter>
    <Filter Include="Editor">
      <UniqueIdentifier>{2bff9598-fc75-4d5b-bdbb-6da11da1037a}</UniqueIdentifier>
    </Filter>
    <Filter Include="Editor\DebugObject">
      <UniqueIdentifier>{83fc826d-bcd8-4e33-86a5-fbdcfcac0fe4}</UniqueIdentifier>
    </Filter>
    <Filter Include="GameObject\Component\Collider2D">
      <UniqueIdentifier>{08ec273d-83fd-4eb1-861a-64727412a38b}</UniqueIdentifier>
    </Filter>
    <Filter Include="Manager\CollisionMgr">
      <UniqueIdentifier>{bad25fb5-f6ab-4b2b-a900-c318db92315b}</UniqueIdentifier>
    </Filter>
    <Filter Include="GameObject\Object">
      <UniqueIdentifier>{d0db9bc2-dfc1-44eb-9f51-191be0447103}</UniqueIdentifier>
    </Filter>
    <Filter Include="GameObject\Object\CreatureObject">
      <UniqueIdentifier>{26a5156b-6299-4985-9a4f-3d7f4d00da58}</UniqueIdentifier>
    </Filter>
    <Filter Include="GameObject\Object\State">
      <UniqueIdentifier>{746daf6d-37a9-4ffe-88d5-d1a8de34e5f6}</UniqueIdentifier>
    </Filter>
    <Filter Include="GameObject\Object\Player">
      <UniqueIdentifier>{d74cfedf-6f02-4d38-8931-571427fb48b6}</UniqueIdentifier>
    </Filter>
    <Filter Include="GameObject\Object\AimSight">
      <UniqueIdentifier>{3c11e92c-a5f7-4edd-98cb-445549174b50}</UniqueIdentifier>
    </Filter>
    <Filter Include="GameObject\Object\Monster">
      <UniqueIdentifier>{c0e1d1e2-0e00-4c77-9a8a-34e36c805b4a}</UniqueIdentifier>
    </Filter>
    <Filter Include="GameObject\Object\Monster\Boss">
      <UniqueIdentifier>{29a66fa8-3e7f-4c5c-b57b-8826ab554c00}</UniqueIdentifier>
    </Filter>
    <Filter Include="GameObject\Object\Projectile">
      <UniqueIdentifier>{3e31464d-a730-479d-bb60-e0f277a64119}</UniqueIdentifier>
    </Filter>
    <Filter Include="GameObject\Component\Script\DesertBoss">
      <UniqueIdentifier>{d63d3d13-54eb-4851-9286-f4f3f895731c}</UniqueIdentifier>
    </Filter>
    <Filter Include="GameObject\Component\Script\DesertBoss\DesertBossCircleScript">
      <UniqueIdentifier>{c12d6aab-d7f8-402d-a988-9830d33fde05}</UniqueIdentifier>
    </Filter>
    <Filter Include="GameObject\Component\Script\DesertBoss\DesertBossScript">
      <UniqueIdentifier>{0603e85f-15ba-45c5-8997-7b2a615c4c83}</UniqueIdentifier>
    </Filter>
    <Filter Include="GameObject\Component\Script\DesertBoss\DesertBossRhombusScript">
      <UniqueIdentifier>{dc49d043-9ab7-478d-a685-e48f74926139}</UniqueIdentifier>
    </Filter>
    <Filter Include="GameObject\Object\State\DesertBoss">
      <UniqueIdentifier>{c684a5ed-c337-4c24-95d8-16ac64fed7d4}</UniqueIdentifier>
    </Filter>
  </ItemGroup>
  <ItemGroup>
    <ClInclude Include="$(MSBuildThisFileDirectory)Header.h">
      <Filter>Common</Filter>
    </ClInclude>
    <ClInclude Include="$(MSBuildThisFileDirectory)CApplication.h">
      <Filter>Application</Filter>
    </ClInclude>
    <ClInclude Include="$(MSBuildThisFileDirectory)CDevice.h">
      <Filter>Graphic\GraphicDevice</Filter>
    </ClInclude>
    <ClInclude Include="$(MSBuildThisFileDirectory)CSingleton.h">
      <Filter>Common</Filter>
    </ClInclude>
    <ClInclude Include="$(MSBuildThisFileDirectory)CTimeMgr.h">
      <Filter>Manager\TimeMgr</Filter>
    </ClInclude>
    <ClInclude Include="$(MSBuildThisFileDirectory)CKeyMgr.h">
      <Filter>Manager\KeyMgr</Filter>
    </ClInclude>
    <ClInclude Include="$(MSBuildThisFileDirectory)CPathMgr.h">
      <Filter>Manager\PathMgr</Filter>
    </ClInclude>
    <ClInclude Include="$(MSBuildThisFileDirectory)CMath.h">
      <Filter>Common\Math</Filter>
    </ClInclude>
    <ClInclude Include="$(MSBuildThisFileDirectory)Graphic.h">
      <Filter>Graphic</Filter>
    </ClInclude>
    <ClInclude Include="$(MSBuildThisFileDirectory)CEntity.h">
      <Filter>Common</Filter>
    </ClInclude>
    <ClInclude Include="$(MSBuildThisFileDirectory)CShader.h">
      <Filter>Graphic\GraphicShader</Filter>
    </ClInclude>
    <ClInclude Include="$(MSBuildThisFileDirectory)CMesh.h">
      <Filter>Resource\Mesh</Filter>
    </ClInclude>
    <ClInclude Include="$(MSBuildThisFileDirectory)Struct.h">
      <Filter>Common</Filter>
    </ClInclude>
    <ClInclude Include="$(MSBuildThisFileDirectory)CRenderMgr.h">
      <Filter>Manager\RenderMgr</Filter>
    </ClInclude>
    <ClInclude Include="$(MSBuildThisFileDirectory)Enum.h">
      <Filter>Common</Filter>
    </ClInclude>
    <ClInclude Include="$(MSBuildThisFileDirectory)CTexture.h">
      <Filter>Resource\Texture</Filter>
    </ClInclude>
    <ClInclude Include="$(MSBuildThisFileDirectory)CMaterial.h">
      <Filter>Resource\Material</Filter>
    </ClInclude>
    <ClInclude Include="$(MSBuildThisFileDirectory)CGameObject.h">
      <Filter>GameObject</Filter>
    </ClInclude>
    <ClInclude Include="$(MSBuildThisFileDirectory)CMeshRender.h">
      <Filter>GameObject\Component\MeshRender</Filter>
    </ClInclude>
    <ClInclude Include="$(MSBuildThisFileDirectory)CResourceMgr.h">
      <Filter>Manager\ResourceMgr</Filter>
    </ClInclude>
    <ClInclude Include="$(MSBuildThisFileDirectory)CScene.h">
      <Filter>Scene</Filter>
    </ClInclude>
    <ClInclude Include="$(MSBuildThisFileDirectory)CLayer.h">
      <Filter>Scene\Layer</Filter>
    </ClInclude>
    <ClInclude Include="$(MSBuildThisFileDirectory)CSceneMgr.h">
      <Filter>Manager\SceneMgr</Filter>
    </ClInclude>
    <ClInclude Include="$(MSBuildThisFileDirectory)CPlayScene.h">
      <Filter>Scene\TestScene</Filter>
    </ClInclude>
    <ClInclude Include="$(MSBuildThisFileDirectory)CTransform.h">
      <Filter>GameObject\Component\Transform</Filter>
    </ClInclude>
    <ClInclude Include="$(MSBuildThisFileDirectory)CCamera.h">
      <Filter>GameObject\Component\Camera</Filter>
    </ClInclude>
    <ClInclude Include="$(MSBuildThisFileDirectory)CCameraMgr.h">
      <Filter>Manager\CameraMgr</Filter>
    </ClInclude>
    <ClInclude Include="$(MSBuildThisFileDirectory)CConstantBuffer.h">
      <Filter>Graphic\ConstantBuffer</Filter>
    </ClInclude>
    <ClInclude Include="$(MSBuildThisFileDirectory)CPlayerMoveScript.h">
      <Filter>GameObject\Component\Script\PlayerMove</Filter>
    </ClInclude>
    <ClInclude Include="$(MSBuildThisFileDirectory)CScript.h">
      <Filter>GameObject\Component\Script</Filter>
    </ClInclude>
    <ClInclude Include="$(MSBuildThisFileDirectory)CCameraMoveScript.h">
      <Filter>GameObject\Component\Script\CameraMove</Filter>
    </ClInclude>
    <ClInclude Include="$(MSBuildThisFileDirectory)CVillageScene.h">
      <Filter>Scene\02.VillageScene</Filter>
    </ClInclude>
    <ClInclude Include="$(MSBuildThisFileDirectory)CStartMenuScene.h">
      <Filter>Scene\01.StartMenuScene</Filter>
    </ClInclude>
    <ClInclude Include="$(MSBuildThisFileDirectory)CShopScene.h">
      <Filter>Scene\03.ShopScene</Filter>
    </ClInclude>
    <ClInclude Include="$(MSBuildThisFileDirectory)CDungeonsEntranceScene.h">
      <Filter>Scene\04.CDungeonsEntranceScene</Filter>
    </ClInclude>
    <ClInclude Include="$(MSBuildThisFileDirectory)CGridScript.h">
      <Filter>GameObject\Component\Script\Grid</Filter>
    </ClInclude>
    <ClInclude Include="$(MSBuildThisFileDirectory)CAnimator.h">
      <Filter>GameObject\Component\Animator</Filter>
    </ClInclude>
    <ClInclude Include="$(MSBuildThisFileDirectory)CResource.h">
      <Filter>Resource</Filter>
    </ClInclude>
    <ClInclude Include="$(MSBuildThisFileDirectory)CAnimation.h">
      <Filter>Resource\Animation</Filter>
    </ClInclude>
    <ClInclude Include="$(MSBuildThisFileDirectory)CLight.h">
      <Filter>GameObject\Component\Light</Filter>
    </ClInclude>
    <ClInclude Include="$(MSBuildThisFileDirectory)CStructedBuffer.h">
      <Filter>Graphic\StructedBuffer</Filter>
    </ClInclude>
    <ClInclude Include="$(MSBuildThisFileDirectory)CEditor.h">
      <Filter>Editor</Filter>
    </ClInclude>
    <ClInclude Include="$(MSBuildThisFileDirectory)CDebugObject.h">
      <Filter>Editor\DebugObject</Filter>
    </ClInclude>
    <ClInclude Include="$(MSBuildThisFileDirectory)CCollider2D.h">
      <Filter>GameObject\Component\Collider2D</Filter>
    </ClInclude>
    <ClInclude Include="$(MSBuildThisFileDirectory)CCollisionMgr.h">
      <Filter>Manager\CollisionMgr</Filter>
    </ClInclude>
    <ClInclude Include="$(MSBuildThisFileDirectory)CCreatureObject.h">
      <Filter>GameObject\Object\CreatureObject</Filter>
    </ClInclude>
    <ClInclude Include="$(MSBuildThisFileDirectory)CState.h">
      <Filter>GameObject\Object\State</Filter>
    </ClInclude>
    <ClInclude Include="$(MSBuildThisFileDirectory)CPlayer.h">
      <Filter>GameObject\Object\Player</Filter>
    </ClInclude>
    <ClInclude Include="$(MSBuildThisFileDirectory)CAimSight.h">
      <Filter>GameObject\Object\AimSight</Filter>
    </ClInclude>
    <ClInclude Include="$(MSBuildThisFileDirectory)CMonster.h">
      <Filter>GameObject\Object\Monster</Filter>
    </ClInclude>
    <ClInclude Include="$(MSBuildThisFileDirectory)CDesertBoss.h">
      <Filter>GameObject\Object\State\DesertBoss</Filter>
    </ClInclude>
    <ClInclude Include="$(MSBuildThisFileDirectory)CDesertBossScript.h">
      <Filter>GameObject\Component\Script\DesertBoss\DesertBossScript</Filter>
    </ClInclude>
    <ClInclude Include="$(MSBuildThisFileDirectory)CDesertBossCircleScript.h">
      <Filter>GameObject\Component\Script\DesertBoss\DesertBossCircleScript</Filter>
    </ClInclude>
    <ClInclude Include="$(MSBuildThisFileDirectory)CFireBall.h">
      <Filter>GameObject\Object\Projectile</Filter>
    </ClInclude>
    <ClInclude Include="$(MSBuildThisFileDirectory)CDesertBossRhombusScript.h">
      <Filter>GameObject\Component\Script\DesertBoss\DesertBossRhombusScript</Filter>
    </ClInclude>
    <ClInclude Include="$(MSBuildThisFileDirectory)CComponent.h">
      <Filter>GameObject\Component</Filter>
    </ClInclude>
  </ItemGroup>
  <ItemGroup>
    <ClCompile Include="$(MSBuildThisFileDirectory)CApplication.cpp">
      <Filter>Application</Filter>
    </ClCompile>
    <ClCompile Include="$(MSBuildThisFileDirectory)CDevice.cpp">
      <Filter>Graphic\GraphicDevice</Filter>
    </ClCompile>
    <ClCompile Include="$(MSBuildThisFileDirectory)CTimeMgr.cpp">
      <Filter>Manager\TimeMgr</Filter>
    </ClCompile>
    <ClCompile Include="$(MSBuildThisFileDirectory)CKeyMgr.cpp">
      <Filter>Manager\KeyMgr</Filter>
    </ClCompile>
    <ClCompile Include="$(MSBuildThisFileDirectory)CPathMgr.cpp">
      <Filter>Manager\PathMgr</Filter>
    </ClCompile>
    <ClCompile Include="$(MSBuildThisFileDirectory)CMath.cpp">
      <Filter>Common\Math</Filter>
    </ClCompile>
    <ClCompile Include="$(MSBuildThisFileDirectory)CEntity.cpp">
      <Filter>Common</Filter>
    </ClCompile>
    <ClCompile Include="$(MSBuildThisFileDirectory)CShader.cpp">
      <Filter>Graphic\GraphicShader</Filter>
    </ClCompile>
    <ClCompile Include="$(MSBuildThisFileDirectory)CMesh.cpp">
      <Filter>Resource\Mesh</Filter>
    </ClCompile>
    <ClCompile Include="$(MSBuildThisFileDirectory)CRenderMgr.cpp">
      <Filter>Manager\RenderMgr</Filter>
    </ClCompile>
    <ClCompile Include="$(MSBuildThisFileDirectory)CTexture.cpp">
      <Filter>Resource\Texture</Filter>
    </ClCompile>
    <ClCompile Include="$(MSBuildThisFileDirectory)CMaterial.cpp">
      <Filter>Resource\Material</Filter>
    </ClCompile>
    <ClCompile Include="$(MSBuildThisFileDirectory)CGameObject.cpp">
      <Filter>GameObject</Filter>
    </ClCompile>
    <ClCompile Include="$(MSBuildThisFileDirectory)CComponent.cpp">
      <Filter>GameObject\Component</Filter>
    </ClCompile>
    <ClCompile Include="$(MSBuildThisFileDirectory)CMeshRender.cpp">
      <Filter>GameObject\Component\MeshRender</Filter>
    </ClCompile>
    <ClCompile Include="$(MSBuildThisFileDirectory)CResourceMgr.cpp">
      <Filter>Manager\ResourceMgr</Filter>
    </ClCompile>
    <ClCompile Include="$(MSBuildThisFileDirectory)CScene.cpp">
      <Filter>Scene</Filter>
    </ClCompile>
    <ClCompile Include="$(MSBuildThisFileDirectory)CLayer.cpp">
      <Filter>Scene\Layer</Filter>
    </ClCompile>
    <ClCompile Include="$(MSBuildThisFileDirectory)CSceneMgr.cpp">
      <Filter>Manager\SceneMgr</Filter>
    </ClCompile>
    <ClCompile Include="$(MSBuildThisFileDirectory)CPlayScene.cpp">
      <Filter>Scene\TestScene</Filter>
    </ClCompile>
    <ClCompile Include="$(MSBuildThisFileDirectory)CTransform.cpp">
      <Filter>GameObject\Component\Transform</Filter>
    </ClCompile>
    <ClCompile Include="$(MSBuildThisFileDirectory)CCamera.cpp">
      <Filter>GameObject\Component\Camera</Filter>
    </ClCompile>
    <ClCompile Include="$(MSBuildThisFileDirectory)CCameraMgr.cpp">
      <Filter>Manager\CameraMgr</Filter>
    </ClCompile>
    <ClCompile Include="$(MSBuildThisFileDirectory)CConstantBuffer.cpp">
      <Filter>Graphic\ConstantBuffer</Filter>
    </ClCompile>
    <ClCompile Include="$(MSBuildThisFileDirectory)CPlayerMoveScript.cpp">
      <Filter>GameObject\Component\Script\PlayerMove</Filter>
    </ClCompile>
    <ClCompile Include="$(MSBuildThisFileDirectory)CScript.cpp">
      <Filter>GameObject\Component\Script</Filter>
    </ClCompile>
    <ClCompile Include="$(MSBuildThisFileDirectory)CCameraMoveScript.cpp">
      <Filter>GameObject\Component\Script\CameraMove</Filter>
    </ClCompile>
    <ClCompile Include="$(MSBuildThisFileDirectory)CVillageScene.cpp">
      <Filter>Scene\02.VillageScene</Filter>
    </ClCompile>
    <ClCompile Include="$(MSBuildThisFileDirectory)CStartMenuScene.cpp">
      <Filter>Scene\01.StartMenuScene</Filter>
    </ClCompile>
    <ClCompile Include="$(MSBuildThisFileDirectory)CShopScene.cpp">
      <Filter>Scene\03.ShopScene</Filter>
    </ClCompile>
    <ClCompile Include="$(MSBuildThisFileDirectory)CDungeonsEntranceScene.cpp">
      <Filter>Scene\04.CDungeonsEntranceScene</Filter>
    </ClCompile>
    <ClCompile Include="$(MSBuildThisFileDirectory)CGridScript.cpp">
      <Filter>GameObject\Component\Script\Grid</Filter>
    </ClCompile>
    <ClCompile Include="$(MSBuildThisFileDirectory)CAnimator.cpp">
      <Filter>GameObject\Component\Animator</Filter>
    </ClCompile>
    <ClCompile Include="$(MSBuildThisFileDirectory)CResource.cpp">
      <Filter>Resource</Filter>
    </ClCompile>
    <ClCompile Include="$(MSBuildThisFileDirectory)CAnimation.cpp">
      <Filter>Resource\Animation</Filter>
    </ClCompile>
    <ClCompile Include="$(MSBuildThisFileDirectory)CLight.cpp">
      <Filter>GameObject\Component\Light</Filter>
    </ClCompile>
    <ClCompile Include="$(MSBuildThisFileDirectory)CStructedBuffer.cpp">
      <Filter>Graphic\StructedBuffer</Filter>
    </ClCompile>
    <ClCompile Include="$(MSBuildThisFileDirectory)CEditor.cpp">
      <Filter>Editor</Filter>
    </ClCompile>
    <ClCompile Include="$(MSBuildThisFileDirectory)CDebugObject.cpp">
      <Filter>Editor\DebugObject</Filter>
    </ClCompile>
    <ClCompile Include="$(MSBuildThisFileDirectory)CCollider2D.cpp">
      <Filter>GameObject\Component\Collider2D</Filter>
    </ClCompile>
    <ClCompile Include="$(MSBuildThisFileDirectory)CCollisionMgr.cpp">
      <Filter>Manager\CollisionMgr</Filter>
    </ClCompile>
    <ClCompile Include="$(MSBuildThisFileDirectory)CCreatureObject.cpp">
      <Filter>GameObject\Object\CreatureObject</Filter>
    </ClCompile>
    <ClCompile Include="$(MSBuildThisFileDirectory)CState.cpp">
      <Filter>GameObject\Object\State</Filter>
    </ClCompile>
    <ClCompile Include="$(MSBuildThisFileDirectory)CPlayer.cpp">
      <Filter>GameObject\Object\Player</Filter>
    </ClCompile>
    <ClCompile Include="$(MSBuildThisFileDirectory)CAimSight.cpp">
      <Filter>GameObject\Object\AimSight</Filter>
    </ClCompile>
    <ClCompile Include="$(MSBuildThisFileDirectory)CMonster.cpp">
      <Filter>GameObject\Object\Monster</Filter>
    </ClCompile>
    <ClCompile Include="$(MSBuildThisFileDirectory)CDesertBoss.cpp">
      <Filter>GameObject\Object\State\DesertBoss</Filter>
    </ClCompile>
    <ClCompile Include="$(MSBuildThisFileDirectory)CDesertBossScript.cpp">
      <Filter>GameObject\Component\Script\DesertBoss\DesertBossScript</Filter>
    </ClCompile>
    <ClCompile Include="$(MSBuildThisFileDirectory)CDesertBossCircleScript.cpp">
      <Filter>GameObject\Component\Script\DesertBoss\DesertBossCircleScript</Filter>
    </ClCompile>
    <ClCompile Include="$(MSBuildThisFileDirectory)CFireBall.cpp">
      <Filter>GameObject\Object\Projectile</Filter>
    </ClCompile>
    <ClCompile Include="$(MSBuildThisFileDirectory)CDesertBossRhombusScript.cpp">
      <Filter>GameObject\Component\Script\DesertBoss\DesertBossRhombusScript</Filter>
    </ClCompile>
  </ItemGroup>
  <ItemGroup>
    <None Include="$(MSBuildThisFileDirectory)CMath.inl">
      <Filter>Common\Math</Filter>
    </None>
  </ItemGroup>
</Project>