<?xml version="1.0" encoding="utf-8"?>
<Project ToolsVersion="4.0" xmlns="http://schemas.microsoft.com/developer/msbuild/2003">
  <ItemGroup>
    <Filter Include="Application">
      <UniqueIdentifier>{6d13c479-98ce-44f8-9764-51a2c9661132}</UniqueIdentifier>
    </Filter>
    <Filter Include="Common">
      <UniqueIdentifier>{5eb38433-e927-4a95-8e7c-a72414958a17}</UniqueIdentifier>
    </Filter>
    <Filter Include="Graphic">
      <UniqueIdentifier>{330e2c2e-4421-40b8-9aa3-52e40bcf3787}</UniqueIdentifier>
    </Filter>
    <Filter Include="Graphic\GraphicDevice">
      <UniqueIdentifier>{8249aded-5de5-4831-a418-07746ad7dde8}</UniqueIdentifier>
    </Filter>
    <Filter Include="Manager">
      <UniqueIdentifier>{b5610294-4a46-4d1b-9f37-f2af202e049e}</UniqueIdentifier>
    </Filter>
    <Filter Include="Manager\TimeMgr">
      <UniqueIdentifier>{0ad3bdb0-2323-4e50-8c3c-61b47ab736bf}</UniqueIdentifier>
    </Filter>
    <Filter Include="Manager\KeyMgr">
      <UniqueIdentifier>{f3f73fb1-18ce-42c4-ba24-7c1c61110dcc}</UniqueIdentifier>
    </Filter>
    <Filter Include="Manager\PathMgr">
      <UniqueIdentifier>{aa50366d-1886-444d-9be3-ec6a037a2df0}</UniqueIdentifier>
    </Filter>
    <Filter Include="Common\Math">
      <UniqueIdentifier>{3c09a2dd-2abf-438a-9f07-3358b61aea04}</UniqueIdentifier>
    </Filter>
    <Filter Include="Graphic\GraphicShader">
      <UniqueIdentifier>{aad3808d-0ca0-465e-9387-933fdbb06b70}</UniqueIdentifier>
    </Filter>
    <Filter Include="Graphic\Mesh">
      <UniqueIdentifier>{ce4dca45-d536-4a0d-9c60-0d8cece189d9}</UniqueIdentifier>
    </Filter>
  </ItemGroup>
  <ItemGroup>
    <ClInclude Include="$(MSBuildThisFileDirectory)Header.h">
      <Filter>Common</Filter>
    </ClInclude>
    <ClInclude Include="$(MSBuildThisFileDirectory)CApplication.h">
      <Filter>Application</Filter>
    </ClInclude>
    <ClInclude Include="$(MSBuildThisFileDirectory)CGraphicDevice.h">
      <Filter>Graphic\GraphicDevice</Filter>
    </ClInclude>
    <ClInclude Include="$(MSBuildThisFileDirectory)CSingleton.h">
      <Filter>Common</Filter>
    </ClInclude>
    <ClInclude Include="$(MSBuildThisFileDirectory)CTimeMgr.h">
      <Filter>Manager\TimeMgr</Filter>
    </ClInclude>
    <ClInclude Include="$(MSBuildThisFileDirectory)CKeyMgr.h">
      <Filter>Manager\KeyMgr</Filter>
    </ClInclude>
    <ClInclude Include="$(MSBuildThisFileDirectory)CPathMgr.h">
      <Filter>Manager\PathMgr</Filter>
    </ClInclude>
    <ClInclude Include="$(MSBuildThisFileDirectory)CMath.h">
      <Filter>Common\Math</Filter>
    </ClInclude>
    <ClInclude Include="$(MSBuildThisFileDirectory)Graphic.h">
      <Filter>Graphic</Filter>
    </ClInclude>
    <ClInclude Include="$(MSBuildThisFileDirectory)CEntity.h">
      <Filter>Common</Filter>
    </ClInclude>
    <ClInclude Include="$(MSBuildThisFileDirectory)CGraphicShader.h">
      <Filter>Graphic\GraphicShader</Filter>
    </ClInclude>
    <ClInclude Include="$(MSBuildThisFileDirectory)CMesh.h">
      <Filter>Graphic\Mesh</Filter>
    </ClInclude>
  </ItemGroup>
  <ItemGroup>
    <ClCompile Include="$(MSBuildThisFileDirectory)CApplication.cpp">
      <Filter>Application</Filter>
    </ClCompile>
    <ClCompile Include="$(MSBuildThisFileDirectory)CGraphicDevice.cpp">
      <Filter>Graphic\GraphicDevice</Filter>
    </ClCompile>
    <ClCompile Include="$(MSBuildThisFileDirectory)CTimeMgr.cpp">
      <Filter>Manager\TimeMgr</Filter>
    </ClCompile>
    <ClCompile Include="$(MSBuildThisFileDirectory)CKeyMgr.cpp">
      <Filter>Manager\KeyMgr</Filter>
    </ClCompile>
    <ClCompile Include="$(MSBuildThisFileDirectory)CPathMgr.cpp">
      <Filter>Manager\PathMgr</Filter>
    </ClCompile>
    <ClCompile Include="$(MSBuildThisFileDirectory)CMath.cpp">
      <Filter>Common\Math</Filter>
    </ClCompile>
    <ClCompile Include="$(MSBuildThisFileDirectory)CEntity.cpp">
      <Filter>Common</Filter>
    </ClCompile>
    <ClCompile Include="$(MSBuildThisFileDirectory)CGraphicShader.cpp">
      <Filter>Graphic\GraphicShader</Filter>
    </ClCompile>
    <ClCompile Include="$(MSBuildThisFileDirectory)CMesh.cpp">
      <Filter>Graphic\Mesh</Filter>
    </ClCompile>
  </ItemGroup>
  <ItemGroup>
    <None Include="$(MSBuildThisFileDirectory)CMath.inl">
      <Filter>Common\Math</Filter>
    </None>
  </ItemGroup>
</Project>